
Microsoft Visual Studio Solution File, Format Version 12.00
# Visual Studio Version 17
VisualStudioVersion = 17.3.32901.215
MinimumVisualStudioVersion = 10.0.40219.1
Project("{FAE04EC0-301F-11D3-BF4B-00C04F79EFBC}") = "MegaDesk", "MegaDesk.csproj", "{48A67518-0495-4048-B349-6445B01CC5EA}"
EndProject
Global
	GlobalSection(SolutionConfigurationPlatforms) = preSolution
		Debug|Any CPU = Debug|Any CPU
		Release|Any CPU = Release|Any CPU
	EndGlobalSection
	GlobalSection(ProjectConfigurationPlatforms) = postSolution
		{48A67518-0495-4048-B349-6445B01CC5EA}.Debug|Any CPU.ActiveCfg = Debug|Any CPU
		{48A67518-0495-4048-B349-6445B01CC5EA}.Debug|Any CPU.Build.0 = Debug|Any CPU
		{48A67518-0495-4048-B349-6445B01CC5EA}.Release|Any CPU.ActiveCfg = Release|Any CPU
		{48A67518-0495-4048-B349-6445B01CC5EA}.Release|Any CPU.Build.0 = Release|Any CPU
	EndGlobalSection
	GlobalSection(SolutionProperties) = preSolution
		HideSolutionNode = FALSE
	EndGlobalSection
	GlobalSection(ExtensibilityGlobals) = postSolution
		SolutionGuid = {D83C1170-AD70-4804-A953-052C510EBC4D}
	EndGlobalSection
EndGlobal
